
Microsoft Visual Studio Solution File, Format Version 12.00
# Visual Studio Version 17
VisualStudioVersion = 17.8.34525.116
MinimumVisualStudioVersion = 10.0.40219.1
Project("{9A19103F-16F7-4668-BE54-9A1E7A4F7556}") = "Products.Api", "Products.Api\Products.Api.csproj", "{87D6AE9B-E717-46C2-A34C-F1861E252866}"
EndProject
Project("{9A19103F-16F7-4668-BE54-9A1E7A4F7556}") = "Domain", "Domain\Domain.csproj", "{1F780B92-9CE1-4DAB-BCC9-46D73048C50E}"
EndProject
Project("{FAE04EC0-301F-11D3-BF4B-00C04F79EFBC}") = "Products.UnitTests", "Products.UnitTests\Products.UnitTests.csproj", "{B6825438-C94B-48AC-A564-AA5105C50506}"
EndProject
Project("{FAE04EC0-301F-11D3-BF4B-00C04F79EFBC}") = "Products.IntegrationTests", "Products.IntegrationTests\Products.IntegrationTests.csproj", "{29229175-8697-4995-8D81-FFEDC5E7723A}"
EndProject
Global
	GlobalSection(SolutionConfigurationPlatforms) = preSolution
		Debug|Any CPU = Debug|Any CPU
		Release|Any CPU = Release|Any CPU
	EndGlobalSection
	GlobalSection(ProjectConfigurationPlatforms) = postSolution
		{87D6AE9B-E717-46C2-A34C-F1861E252866}.Debug|Any CPU.ActiveCfg = Debug|Any CPU
		{87D6AE9B-E717-46C2-A34C-F1861E252866}.Debug|Any CPU.Build.0 = Debug|Any CPU
		{87D6AE9B-E717-46C2-A34C-F1861E252866}.Release|Any CPU.ActiveCfg = Release|Any CPU
		{87D6AE9B-E717-46C2-A34C-F1861E252866}.Release|Any CPU.Build.0 = Release|Any CPU
		{1F780B92-9CE1-4DAB-BCC9-46D73048C50E}.Debug|Any CPU.ActiveCfg = Debug|Any CPU
		{1F780B92-9CE1-4DAB-BCC9-46D73048C50E}.Debug|Any CPU.Build.0 = Debug|Any CPU
		{1F780B92-9CE1-4DAB-BCC9-46D73048C50E}.Release|Any CPU.ActiveCfg = Release|Any CPU
		{1F780B92-9CE1-4DAB-BCC9-46D73048C50E}.Release|Any CPU.Build.0 = Release|Any CPU
		{B6825438-C94B-48AC-A564-AA5105C50506}.Debug|Any CPU.ActiveCfg = Debug|Any CPU
		{B6825438-C94B-48AC-A564-AA5105C50506}.Debug|Any CPU.Build.0 = Debug|Any CPU
		{B6825438-C94B-48AC-A564-AA5105C50506}.Release|Any CPU.ActiveCfg = Release|Any CPU
		{B6825438-C94B-48AC-A564-AA5105C50506}.Release|Any CPU.Build.0 = Release|Any CPU
		{29229175-8697-4995-8D81-FFEDC5E7723A}.Debug|Any CPU.ActiveCfg = Debug|Any CPU
		{29229175-8697-4995-8D81-FFEDC5E7723A}.Debug|Any CPU.Build.0 = Debug|Any CPU
		{29229175-8697-4995-8D81-FFEDC5E7723A}.Release|Any CPU.ActiveCfg = Release|Any CPU
		{29229175-8697-4995-8D81-FFEDC5E7723A}.Release|Any CPU.Build.0 = Release|Any CPU
	EndGlobalSection
	GlobalSection(SolutionProperties) = preSolution
		HideSolutionNode = FALSE
	EndGlobalSection
	GlobalSection(ExtensibilityGlobals) = postSolution
		SolutionGuid = {D21D672E-ACFE-4A4D-97A3-216A02171D75}
	EndGlobalSection
EndGlobal
